
Microsoft Visual Studio Solution File, Format Version 12.00
# Visual Studio 2013
VisualStudioVersion = 12.0.21005.1
MinimumVisualStudioVersion = 10.0.40219.1
Project("{FAE04EC0-301F-11D3-BF4B-00C04F79EFBC}") = "ProSchool", "ProSchool\ProSchool.csproj", "{5216228D-5D86-41A3-8803-5752F6D5505E}"
EndProject
Project("{FAE04EC0-301F-11D3-BF4B-00C04F79EFBC}") = "ProSchoolModelo", "..\ProSchoolModelo\ProSchoolModelo.csproj", "{87998798-439D-4AE6-8074-34D7BDBA620B}"
EndProject
Global
	GlobalSection(SolutionConfigurationPlatforms) = preSolution
		Debug|Any CPU = Debug|Any CPU
		Release|Any CPU = Release|Any CPU
	EndGlobalSection
	GlobalSection(ProjectConfigurationPlatforms) = postSolution
		{5216228D-5D86-41A3-8803-5752F6D5505E}.Debug|Any CPU.ActiveCfg = Debug|Any CPU
		{5216228D-5D86-41A3-8803-5752F6D5505E}.Debug|Any CPU.Build.0 = Debug|Any CPU
		{5216228D-5D86-41A3-8803-5752F6D5505E}.Release|Any CPU.ActiveCfg = Release|Any CPU
		{5216228D-5D86-41A3-8803-5752F6D5505E}.Release|Any CPU.Build.0 = Release|Any CPU
		{87998798-439D-4AE6-8074-34D7BDBA620B}.Debug|Any CPU.ActiveCfg = Debug|Any CPU
		{87998798-439D-4AE6-8074-34D7BDBA620B}.Debug|Any CPU.Build.0 = Debug|Any CPU
		{87998798-439D-4AE6-8074-34D7BDBA620B}.Release|Any CPU.ActiveCfg = Release|Any CPU
		{87998798-439D-4AE6-8074-34D7BDBA620B}.Release|Any CPU.Build.0 = Release|Any CPU
	EndGlobalSection
	GlobalSection(SolutionProperties) = preSolution
		HideSolutionNode = FALSE
	EndGlobalSection
EndGlobal
